
Microsoft Visual Studio Solution File, Format Version 12.00
# Visual Studio 2013
VisualStudioVersion = 12.0.31101.0
MinimumVisualStudioVersion = 10.0.40219.1
Project("{F2A71F9B-5D33-465A-A702-920D77279786}") = "AntColonyNet", "AntColonyNet\AntColonyNet.fsproj", "{CCCCED42-1F87-4402-8488-C93488C0BD47}"
EndProject
Project("{F2A71F9B-5D33-465A-A702-920D77279786}") = "AntColonyNet.Tests", "AntColonyNet.Tests\AntColonyNet.Tests.fsproj", "{E2A550BB-0216-4823-8BC1-04FBC6028F9B}"
EndProject
Project("{FAE04EC0-301F-11D3-BF4B-00C04F79EFBC}") = "AntColonyNet.Example.CSharp", "AntColonyNet.Example.CSharp\AntColonyNet.Example.CSharp.csproj", "{873C9510-1F35-4D2B-974B-82A1E8ED295E}"
EndProject
Project("{F2A71F9B-5D33-465A-A702-920D77279786}") = "AntColonyNet.Example.FSharp", "AntColonyNet.Example.FSharp\AntColonyNet.Example.FSharp.fsproj", "{8AA05FDD-6498-49A2-A9EF-9FEB60A4A54A}"
EndProject
Global
	GlobalSection(SolutionConfigurationPlatforms) = preSolution
		Debug|Any CPU = Debug|Any CPU
		Release|Any CPU = Release|Any CPU
	EndGlobalSection
	GlobalSection(ProjectConfigurationPlatforms) = postSolution
		{CCCCED42-1F87-4402-8488-C93488C0BD47}.Debug|Any CPU.ActiveCfg = Debug|Any CPU
		{CCCCED42-1F87-4402-8488-C93488C0BD47}.Debug|Any CPU.Build.0 = Debug|Any CPU
		{CCCCED42-1F87-4402-8488-C93488C0BD47}.Release|Any CPU.ActiveCfg = Release|Any CPU
		{CCCCED42-1F87-4402-8488-C93488C0BD47}.Release|Any CPU.Build.0 = Release|Any CPU
		{E2A550BB-0216-4823-8BC1-04FBC6028F9B}.Debug|Any CPU.ActiveCfg = Debug|Any CPU
		{E2A550BB-0216-4823-8BC1-04FBC6028F9B}.Debug|Any CPU.Build.0 = Debug|Any CPU
		{E2A550BB-0216-4823-8BC1-04FBC6028F9B}.Release|Any CPU.ActiveCfg = Release|Any CPU
		{E2A550BB-0216-4823-8BC1-04FBC6028F9B}.Release|Any CPU.Build.0 = Release|Any CPU
		{873C9510-1F35-4D2B-974B-82A1E8ED295E}.Debug|Any CPU.ActiveCfg = Debug|Any CPU
		{873C9510-1F35-4D2B-974B-82A1E8ED295E}.Debug|Any CPU.Build.0 = Debug|Any CPU
		{873C9510-1F35-4D2B-974B-82A1E8ED295E}.Release|Any CPU.ActiveCfg = Release|Any CPU
		{873C9510-1F35-4D2B-974B-82A1E8ED295E}.Release|Any CPU.Build.0 = Release|Any CPU
		{8AA05FDD-6498-49A2-A9EF-9FEB60A4A54A}.Debug|Any CPU.ActiveCfg = Debug|Any CPU
		{8AA05FDD-6498-49A2-A9EF-9FEB60A4A54A}.Debug|Any CPU.Build.0 = Debug|Any CPU
		{8AA05FDD-6498-49A2-A9EF-9FEB60A4A54A}.Release|Any CPU.ActiveCfg = Release|Any CPU
		{8AA05FDD-6498-49A2-A9EF-9FEB60A4A54A}.Release|Any CPU.Build.0 = Release|Any CPU
	EndGlobalSection
	GlobalSection(SolutionProperties) = preSolution
		HideSolutionNode = FALSE
	EndGlobalSection
EndGlobal
